
Microsoft Visual Studio Solution File, Format Version 12.00
# Visual Studio Version 17
VisualStudioVersion = 17.7.34018.315
MinimumVisualStudioVersion = 10.0.40219.1
Project("{FAE04EC0-301F-11D3-BF4B-00C04F79EFBC}") = "MyApplication2", "MyApplication2\MyApplication2.csproj", "{8967E6B3-02EF-4533-9027-C5A27D3BA304}"
EndProject
Global
	GlobalSection(SolutionConfigurationPlatforms) = preSolution
		Debug|Any CPU = Debug|Any CPU
		Release|Any CPU = Release|Any CPU
	EndGlobalSection
	GlobalSection(ProjectConfigurationPlatforms) = postSolution
		{8967E6B3-02EF-4533-9027-C5A27D3BA304}.Debug|Any CPU.ActiveCfg = Debug|Any CPU
		{8967E6B3-02EF-4533-9027-C5A27D3BA304}.Debug|Any CPU.Build.0 = Debug|Any CPU
		{8967E6B3-02EF-4533-9027-C5A27D3BA304}.Release|Any CPU.ActiveCfg = Release|Any CPU
		{8967E6B3-02EF-4533-9027-C5A27D3BA304}.Release|Any CPU.Build.0 = Release|Any CPU
	EndGlobalSection
	GlobalSection(SolutionProperties) = preSolution
		HideSolutionNode = FALSE
	EndGlobalSection
	GlobalSection(ExtensibilityGlobals) = postSolution
		SolutionGuid = {352E2D25-9477-437A-A3BE-5F0D0860E719}
	EndGlobalSection
EndGlobal
